
Microsoft Visual Studio Solution File, Format Version 12.00
# Visual Studio Version 16
VisualStudioVersion = 16.0.31112.23
MinimumVisualStudioVersion = 10.0.40219.1
Project("{FAE04EC0-301F-11D3-BF4B-00C04F79EFBC}") = "TryFileSystemWatcher", "TryFileSystemWatcher\TryFileSystemWatcher.csproj", "{394B1AD9-3CB1-43F2-8F19-CA068BD6B554}"
EndProject
Global
	GlobalSection(SolutionConfigurationPlatforms) = preSolution
		Debug|Any CPU = Debug|Any CPU
		Release|Any CPU = Release|Any CPU
	EndGlobalSection
	GlobalSection(ProjectConfigurationPlatforms) = postSolution
		{394B1AD9-3CB1-43F2-8F19-CA068BD6B554}.Debug|Any CPU.ActiveCfg = Debug|Any CPU
		{394B1AD9-3CB1-43F2-8F19-CA068BD6B554}.Debug|Any CPU.Build.0 = Debug|Any CPU
		{394B1AD9-3CB1-43F2-8F19-CA068BD6B554}.Release|Any CPU.ActiveCfg = Release|Any CPU
		{394B1AD9-3CB1-43F2-8F19-CA068BD6B554}.Release|Any CPU.Build.0 = Release|Any CPU
	EndGlobalSection
	GlobalSection(SolutionProperties) = preSolution
		HideSolutionNode = FALSE
	EndGlobalSection
	GlobalSection(ExtensibilityGlobals) = postSolution
		SolutionGuid = {6BDE9C2C-1BF6-41E3-A746-12966E4D8E16}
	EndGlobalSection
EndGlobal
